
Microsoft Visual Studio Solution File, Format Version 12.00
# Visual Studio Version 16
VisualStudioVersion = 16.0.31112.23
MinimumVisualStudioVersion = 10.0.40219.1
Project("{FAE04EC0-301F-11D3-BF4B-00C04F79EFBC}") = "Business", "Business\Business.csproj", "{4059134D-9E20-413F-86A9-687FFEB97594}"
EndProject
Project("{FAE04EC0-301F-11D3-BF4B-00C04F79EFBC}") = "WebAPI", "WebAPI\WebAPI.csproj", "{459F7F3C-437F-4E04-BBB2-C638F1D66087}"
EndProject
Project("{FAE04EC0-301F-11D3-BF4B-00C04F79EFBC}") = "DataAccess", "DataAccess\DataAccess.csproj", "{B4B7E8FF-0333-4B86-92C5-DE2258314D5E}"
EndProject
Project("{FAE04EC0-301F-11D3-BF4B-00C04F79EFBC}") = "Entities", "Entities\Entities.csproj", "{4DF04B5A-032E-4C78-923C-9E014EFB0B51}"
EndProject
Global
	GlobalSection(SolutionConfigurationPlatforms) = preSolution
		Debug|Any CPU = Debug|Any CPU
		Release|Any CPU = Release|Any CPU
	EndGlobalSection
	GlobalSection(ProjectConfigurationPlatforms) = postSolution
		{4059134D-9E20-413F-86A9-687FFEB97594}.Debug|Any CPU.ActiveCfg = Debug|Any CPU
		{4059134D-9E20-413F-86A9-687FFEB97594}.Debug|Any CPU.Build.0 = Debug|Any CPU
		{4059134D-9E20-413F-86A9-687FFEB97594}.Release|Any CPU.ActiveCfg = Release|Any CPU
		{4059134D-9E20-413F-86A9-687FFEB97594}.Release|Any CPU.Build.0 = Release|Any CPU
		{459F7F3C-437F-4E04-BBB2-C638F1D66087}.Debug|Any CPU.ActiveCfg = Debug|Any CPU
		{459F7F3C-437F-4E04-BBB2-C638F1D66087}.Debug|Any CPU.Build.0 = Debug|Any CPU
		{459F7F3C-437F-4E04-BBB2-C638F1D66087}.Release|Any CPU.ActiveCfg = Release|Any CPU
		{459F7F3C-437F-4E04-BBB2-C638F1D66087}.Release|Any CPU.Build.0 = Release|Any CPU
		{B4B7E8FF-0333-4B86-92C5-DE2258314D5E}.Debug|Any CPU.ActiveCfg = Debug|Any CPU
		{B4B7E8FF-0333-4B86-92C5-DE2258314D5E}.Debug|Any CPU.Build.0 = Debug|Any CPU
		{B4B7E8FF-0333-4B86-92C5-DE2258314D5E}.Release|Any CPU.ActiveCfg = Release|Any CPU
		{B4B7E8FF-0333-4B86-92C5-DE2258314D5E}.Release|Any CPU.Build.0 = Release|Any CPU
		{4DF04B5A-032E-4C78-923C-9E014EFB0B51}.Debug|Any CPU.ActiveCfg = Debug|Any CPU
		{4DF04B5A-032E-4C78-923C-9E014EFB0B51}.Debug|Any CPU.Build.0 = Debug|Any CPU
		{4DF04B5A-032E-4C78-923C-9E014EFB0B51}.Release|Any CPU.ActiveCfg = Release|Any CPU
		{4DF04B5A-032E-4C78-923C-9E014EFB0B51}.Release|Any CPU.Build.0 = Release|Any CPU
	EndGlobalSection
	GlobalSection(SolutionProperties) = preSolution
		HideSolutionNode = FALSE
	EndGlobalSection
	GlobalSection(ExtensibilityGlobals) = postSolution
		SolutionGuid = {8B71FCF9-7424-4713-B717-0C36FC248084}
	EndGlobalSection
EndGlobal
